// !$*UTF8*$!
{
	archiveVersion = 1;
	classes = {
	};
	objectVersion = 56;
	objects = {

/* Begin PBXBuildFile section */
		6861190C2B8BC13600B1FD42 /* spotify_integrationApp.swift in Sources */ = {isa = PBXBuildFile; fileRef = 6861190B2B8BC13600B1FD42 /* spotify_integrationApp.swift */; };
		6861190E2B8BC13600B1FD42 /* ContentView.swift in Sources */ = {isa = PBXBuildFile; fileRef = 6861190D2B8BC13600B1FD42 /* ContentView.swift */; };
		686119102B8BC13800B1FD42 /* Assets.xcassets in Resources */ = {isa = PBXBuildFile; fileRef = 6861190F2B8BC13800B1FD42 /* Assets.xcassets */; };
		686119132B8BC13800B1FD42 /* Preview Assets.xcassets in Resources */ = {isa = PBXBuildFile; fileRef = 686119122B8BC13800B1FD42 /* Preview Assets.xcassets */; };
		686119152B8BC13800B1FD42 /* Persistence.swift in Sources */ = {isa = PBXBuildFile; fileRef = 686119142B8BC13800B1FD42 /* Persistence.swift */; };
		686119182B8BC13800B1FD42 /* spotify_integration.xcdatamodeld in Sources */ = {isa = PBXBuildFile; fileRef = 686119162B8BC13800B1FD42 /* spotify_integration.xcdatamodeld */; };
		686119222B8BC1BB00B1FD42 /* ViewModel.swift in Sources */ = {isa = PBXBuildFile; fileRef = 686119212B8BC1BB00B1FD42 /* ViewModel.swift */; };
		686119252B8BC1E800B1FD42 /* SpotifyView.swift in Sources */ = {isa = PBXBuildFile; fileRef = 686119242B8BC1E700B1FD42 /* SpotifyView.swift */; };
		686119272B8BC2DC00B1FD42 /* SpotifyController.swift in Sources */ = {isa = PBXBuildFile; fileRef = 686119262B8BC2DC00B1FD42 /* SpotifyController.swift */; };
		6861192A2B8BC32600B1FD42 /* SpotifyiOS in Frameworks */ = {isa = PBXBuildFile; productRef = 686119292B8BC32600B1FD42 /* SpotifyiOS */; };
/* End PBXBuildFile section */

/* Begin PBXFileReference section */
		686119082B8BC13600B1FD42 /* spotify-integration.app */ = {isa = PBXFileReference; explicitFileType = wrapper.application; includeInIndex = 0; path = "spotify-integration.app"; sourceTree = BUILT_PRODUCTS_DIR; };
		6861190B2B8BC13600B1FD42 /* spotify_integrationApp.swift */ = {isa = PBXFileReference; lastKnownFileType = sourcecode.swift; path = spotify_integrationApp.swift; sourceTree = "<group>"; };
		6861190D2B8BC13600B1FD42 /* ContentView.swift */ = {isa = PBXFileReference; lastKnownFileType = sourcecode.swift; path = ContentView.swift; sourceTree = "<group>"; };
		6861190F2B8BC13800B1FD42 /* Assets.xcassets */ = {isa = PBXFileReference; lastKnownFileType = folder.assetcatalog; path = Assets.xcassets; sourceTree = "<group>"; };
		686119122B8BC13800B1FD42 /* Preview Assets.xcassets */ = {isa = PBXFileReference; lastKnownFileType = folder.assetcatalog; path = "Preview Assets.xcassets"; sourceTree = "<group>"; };
		686119142B8BC13800B1FD42 /* Persistence.swift */ = {isa = PBXFileReference; lastKnownFileType = sourcecode.swift; path = Persistence.swift; sourceTree = "<group>"; };
		686119172B8BC13800B1FD42 /* spotify_integration.xcdatamodel */ = {isa = PBXFileReference; lastKnownFileType = wrapper.xcdatamodel; path = spotify_integration.xcdatamodel; sourceTree = "<group>"; };
		686119212B8BC1BB00B1FD42 /* ViewModel.swift */ = {isa = PBXFileReference; lastKnownFileType = sourcecode.swift; path = ViewModel.swift; sourceTree = "<group>"; };
		686119242B8BC1E700B1FD42 /* SpotifyView.swift */ = {isa = PBXFileReference; lastKnownFileType = sourcecode.swift; path = SpotifyView.swift; sourceTree = "<group>"; };
		686119262B8BC2DC00B1FD42 /* SpotifyController.swift */ = {isa = PBXFileReference; lastKnownFileType = sourcecode.swift; path = SpotifyController.swift; sourceTree = "<group>"; };
		6861192B2B8D378800B1FD42 /* Info.plist */ = {isa = PBXFileReference; lastKnownFileType = text.plist; path = Info.plist; sourceTree = "<group>"; };
/* End PBXFileReference section */

/* Begin PBXFrameworksBuildPhase section */
		686119052B8BC13600B1FD42 /* Frameworks */ = {
			isa = PBXFrameworksBuildPhase;
			buildActionMask = 2147483647;
			files = (
				6861192A2B8BC32600B1FD42 /* SpotifyiOS in Frameworks */,
			);
			runOnlyForDeploymentPostprocessing = 0;
		};
/* End PBXFrameworksBuildPhase section */

/* Begin PBXGroup section */
		686118FF2B8BC13600B1FD42 = {
			isa = PBXGroup;
			children = (
				6861190A2B8BC13600B1FD42 /* spotify-integration */,
				686119092B8BC13600B1FD42 /* Products */,
			);
			sourceTree = "<group>";
		};
		686119092B8BC13600B1FD42 /* Products */ = {
			isa = PBXGroup;
			children = (
				686119082B8BC13600B1FD42 /* spotify-integration.app */,
			);
			name = Products;
			sourceTree = "<group>";
		};
		6861190A2B8BC13600B1FD42 /* spotify-integration */ = {
			isa = PBXGroup;
			children = (
				6861192B2B8D378800B1FD42 /* Info.plist */,
				686119232B8BC1C500B1FD42 /* Model */,
				686119202B8BC1AF00B1FD42 /* ViewModel */,
				6861191F2B8BC1A400B1FD42 /* App */,
				6861191E2B8BC19D00B1FD42 /* View */,
				6861190F2B8BC13800B1FD42 /* Assets.xcassets */,
				686119112B8BC13800B1FD42 /* Preview Content */,
			);
			path = "spotify-integration";
			sourceTree = "<group>";
		};
		686119112B8BC13800B1FD42 /* Preview Content */ = {
			isa = PBXGroup;
			children = (
				686119122B8BC13800B1FD42 /* Preview Assets.xcassets */,
			);
			path = "Preview Content";
			sourceTree = "<group>";
		};
		6861191E2B8BC19D00B1FD42 /* View */ = {
			isa = PBXGroup;
			children = (
				6861190D2B8BC13600B1FD42 /* ContentView.swift */,
				686119242B8BC1E700B1FD42 /* SpotifyView.swift */,
			);
			path = View;
			sourceTree = "<group>";
		};
		6861191F2B8BC1A400B1FD42 /* App */ = {
			isa = PBXGroup;
			children = (
				6861190B2B8BC13600B1FD42 /* spotify_integrationApp.swift */,
			);
			path = App;
			sourceTree = "<group>";
		};
		686119202B8BC1AF00B1FD42 /* ViewModel */ = {
			isa = PBXGroup;
			children = (
				686119212B8BC1BB00B1FD42 /* ViewModel.swift */,
				686119262B8BC2DC00B1FD42 /* SpotifyController.swift */,
			);
			path = ViewModel;
			sourceTree = "<group>";
		};
		686119232B8BC1C500B1FD42 /* Model */ = {
			isa = PBXGroup;
			children = (
				686119162B8BC13800B1FD42 /* spotify_integration.xcdatamodeld */,
				686119142B8BC13800B1FD42 /* Persistence.swift */,
			);
			path = Model;
			sourceTree = "<group>";
		};
/* End PBXGroup section */

/* Begin PBXNativeTarget section */
		686119072B8BC13600B1FD42 /* spotify-integration */ = {
			isa = PBXNativeTarget;
			buildConfigurationList = 6861191B2B8BC13800B1FD42 /* Build configuration list for PBXNativeTarget "spotify-integration" */;
			buildPhases = (
				686119042B8BC13600B1FD42 /* Sources */,
				686119052B8BC13600B1FD42 /* Frameworks */,
				686119062B8BC13600B1FD42 /* Resources */,
			);
			buildRules = (
			);
			dependencies = (
			);
			name = "spotify-integration";
			packageProductDependencies = (
				686119292B8BC32600B1FD42 /* SpotifyiOS */,
			);
			productName = "spotify-integration";
			productReference = 686119082B8BC13600B1FD42 /* spotify-integration.app */;
			productType = "com.apple.product-type.application";
		};
/* End PBXNativeTarget section */

/* Begin PBXProject section */
		686119002B8BC13600B1FD42 /* Project object */ = {
			isa = PBXProject;
			attributes = {
				BuildIndependentTargetsInParallel = 1;
				LastSwiftUpdateCheck = 1520;
				LastUpgradeCheck = 1520;
				TargetAttributes = {
					686119072B8BC13600B1FD42 = {
						CreatedOnToolsVersion = 15.2;
					};
				};
			};
			buildConfigurationList = 686119032B8BC13600B1FD42 /* Build configuration list for PBXProject "spotify-integration" */;
			compatibilityVersion = "Xcode 14.0";
			developmentRegion = en;
			hasScannedForEncodings = 0;
			knownRegions = (
				en,
				Base,
			);
			mainGroup = 686118FF2B8BC13600B1FD42;
			packageReferences = (
				686119282B8BC32600B1FD42 /* XCRemoteSwiftPackageReference "ios-sdk" */,
			);
			productRefGroup = 686119092B8BC13600B1FD42 /* Products */;
			projectDirPath = "";
			projectRoot = "";
			targets = (
				686119072B8BC13600B1FD42 /* spotify-integration */,
			);
		};
/* End PBXProject section */

/* Begin PBXResourcesBuildPhase section */
		686119062B8BC13600B1FD42 /* Resources */ = {
			isa = PBXResourcesBuildPhase;
			buildActionMask = 2147483647;
			files = (
				686119132B8BC13800B1FD42 /* Preview Assets.xcassets in Resources */,
				686119102B8BC13800B1FD42 /* Assets.xcassets in Resources */,
			);
			runOnlyForDeploymentPostprocessing = 0;
		};
/* End PBXResourcesBuildPhase section */

/* Begin PBXSourcesBuildPhase section */
		686119042B8BC13600B1FD42 /* Sources */ = {
			isa = PBXSourcesBuildPhase;
			buildActionMask = 2147483647;
			files = (
				686119272B8BC2DC00B1FD42 /* SpotifyController.swift in Sources */,
				686119222B8BC1BB00B1FD42 /* ViewModel.swift in Sources */,
				686119152B8BC13800B1FD42 /* Persistence.swift in Sources */,
				6861190E2B8BC13600B1FD42 /* ContentView.swift in Sources */,
				686119182B8BC13800B1FD42 /* spotify_integration.xcdatamodeld in Sources */,
				6861190C2B8BC13600B1FD42 /* spotify_integrationApp.swift in Sources */,
				686119252B8BC1E800B1FD42 /* SpotifyView.swift in Sources */,
			);
			runOnlyForDeploymentPostprocessing = 0;
		};
/* End PBXSourcesBuildPhase section */

/* Begin XCBuildConfiguration section */
		686119192B8BC13800B1FD42 /* Debug */ = {
			isa = XCBuildConfiguration;
			buildSettings = {
				ALWAYS_SEARCH_USER_PATHS = NO;
				ASSETCATALOG_COMPILER_GENERATE_SWIFT_ASSET_SYMBOL_EXTENSIONS = YES;
				CLANG_ANALYZER_NONNULL = YES;
				CLANG_ANALYZER_NUMBER_OBJECT_CONVERSION = YES_AGGRESSIVE;
				CLANG_CXX_LANGUAGE_STANDARD = "gnu++20";
				CLANG_ENABLE_MODULES = YES;
				CLANG_ENABLE_OBJC_ARC = YES;
				CLANG_ENABLE_OBJC_WEAK = YES;
				CLANG_WARN_BLOCK_CAPTURE_AUTORELEASING = YES;
				CLANG_WARN_BOOL_CONVERSION = YES;
				CLANG_WARN_COMMA = YES;
				CLANG_WARN_CONSTANT_CONVERSION = YES;
				CLANG_WARN_DEPRECATED_OBJC_IMPLEMENTATIONS = YES;
				CLANG_WARN_DIRECT_OBJC_ISA_USAGE = YES_ERROR;
				CLANG_WARN_DOCUMENTATION_COMMENTS = YES;
				CLANG_WARN_EMPTY_BODY = YES;
				CLANG_WARN_ENUM_CONVERSION = YES;
				CLANG_WARN_INFINITE_RECURSION = YES;
				CLANG_WARN_INT_CONVERSION = YES;
				CLANG_WARN_NON_LITERAL_NULL_CONVERSION = YES;
				CLANG_WARN_OBJC_IMPLICIT_RETAIN_SELF = YES;
				CLANG_WARN_OBJC_LITERAL_CONVERSION = YES;
				CLANG_WARN_OBJC_ROOT_CLASS = YES_ERROR;
				CLANG_WARN_QUOTED_INCLUDE_IN_FRAMEWORK_HEADER = YES;
				CLANG_WARN_RANGE_LOOP_ANALYSIS = YES;
				CLANG_WARN_STRICT_PROTOTYPES = YES;
				CLANG_WARN_SUSPICIOUS_MOVE = YES;
				CLANG_WARN_UNGUARDED_AVAILABILITY = YES_AGGRESSIVE;
				CLANG_WARN_UNREACHABLE_CODE = YES;
				CLANG_WARN__DUPLICATE_METHOD_MATCH = YES;
				COPY_PHASE_STRIP = NO;
				DEBUG_INFORMATION_FORMAT = dwarf;
				ENABLE_STRICT_OBJC_MSGSEND = YES;
				ENABLE_TESTABILITY = YES;
				ENABLE_USER_SCRIPT_SANDBOXING = YES;
				GCC_C_LANGUAGE_STANDARD = gnu17;
				GCC_DYNAMIC_NO_PIC = NO;
				GCC_NO_COMMON_BLOCKS = YES;
				GCC_OPTIMIZATION_LEVEL = 0;
				GCC_PREPROCESSOR_DEFINITIONS = (
					"DEBUG=1",
					"$(inherited)",
				);
				GCC_WARN_64_TO_32_BIT_CONVERSION = YES;
				GCC_WARN_ABOUT_RETURN_TYPE = YES_ERROR;
				GCC_WARN_UNDECLARED_SELECTOR = YES;
				GCC_WARN_UNINITIALIZED_AUTOS = YES_AGGRESSIVE;
				GCC_WARN_UNUSED_FUNCTION = YES;
				GCC_WARN_UNUSED_VARIABLE = YES;
				IPHONEOS_DEPLOYMENT_TARGET = 17.2;
				LOCALIZATION_PREFERS_STRING_CATALOGS = YES;
				MTL_ENABLE_DEBUG_INFO = INCLUDE_SOURCE;
				MTL_FAST_MATH = YES;
				ONLY_ACTIVE_ARCH = YES;
				SDKROOT = iphoneos;
				SWIFT_ACTIVE_COMPILATION_CONDITIONS = "DEBUG $(inherited)";
				SWIFT_OPTIMIZATION_LEVEL = "-Onone";
			};
			name = Debug;
		};
		6861191A2B8BC13800B1FD42 /* Release */ = {
			isa = XCBuildConfiguration;
			buildSettings = {
				ALWAYS_SEARCH_USER_PATHS = NO;
				ASSETCATALOG_COMPILER_GENERATE_SWIFT_ASSET_SYMBOL_EXTENSIONS = YES;
				CLANG_ANALYZER_NONNULL = YES;
				CLANG_ANALYZER_NUMBER_OBJECT_CONVERSION = YES_AGGRESSIVE;
				CLANG_CXX_LANGUAGE_STANDARD = "gnu++20";
				CLANG_ENABLE_MODULES = YES;
				CLANG_ENABLE_OBJC_ARC = YES;
				CLANG_ENABLE_OBJC_WEAK = YES;
				CLANG_WARN_BLOCK_CAPTURE_AUTORELEASING = YES;
				CLANG_WARN_BOOL_CONVERSION = YES;
				CLANG_WARN_COMMA = YES;
				CLANG_WARN_CONSTANT_CONVERSION = YES;
				CLANG_WARN_DEPRECATED_OBJC_IMPLEMENTATIONS = YES;
				CLANG_WARN_DIRECT_OBJC_ISA_USAGE = YES_ERROR;
				CLANG_WARN_DOCUMENTATION_COMMENTS = YES;
				CLANG_WARN_EMPTY_BODY = YES;
				CLANG_WARN_ENUM_CONVERSION = YES;
				CLANG_WARN_INFINITE_RECURSION = YES;
				CLANG_WARN_INT_CONVERSION = YES;
				CLANG_WARN_NON_LITERAL_NULL_CONVERSION = YES;
				CLANG_WARN_OBJC_IMPLICIT_RETAIN_SELF = YES;
				CLANG_WARN_OBJC_LITERAL_CONVERSION = YES;
				CLANG_WARN_OBJC_ROOT_CLASS = YES_ERROR;
				CLANG_WARN_QUOTED_INCLUDE_IN_FRAMEWORK_HEADER = YES;
				CLANG_WARN_RANGE_LOOP_ANALYSIS = YES;
				CLANG_WARN_STRICT_PROTOTYPES = YES;
				CLANG_WARN_SUSPICIOUS_MOVE = YES;
				CLANG_WARN_UNGUARDED_AVAILABILITY = YES_AGGRESSIVE;
				CLANG_WARN_UNREACHABLE_CODE = YES;
				CLANG_WARN__DUPLICATE_METHOD_MATCH = YES;
				COPY_PHASE_STRIP = NO;
				DEBUG_INFORMATION_FORMAT = "dwarf-with-dsym";
				ENABLE_NS_ASSERTIONS = NO;
				ENABLE_STRICT_OBJC_MSGSEND = YES;
				ENABLE_USER_SCRIPT_SANDBOXING = YES;
				GCC_C_LANGUAGE_STANDARD = gnu17;
				GCC_NO_COMMON_BLOCKS = YES;
				GCC_WARN_64_TO_32_BIT_CONVERSION = YES;
				GCC_WARN_ABOUT_RETURN_TYPE = YES_ERROR;
				GCC_WARN_UNDECLARED_SELECTOR = YES;
				GCC_WARN_UNINITIALIZED_AUTOS = YES_AGGRESSIVE;
				GCC_WARN_UNUSED_FUNCTION = YES;
				GCC_WARN_UNUSED_VARIABLE = YES;
				IPHONEOS_DEPLOYMENT_TARGET = 17.2;
				LOCALIZATION_PREFERS_STRING_CATALOGS = YES;
				MTL_ENABLE_DEBUG_INFO = NO;
				MTL_FAST_MATH = YES;
				SDKROOT = iphoneos;
				SWIFT_COMPILATION_MODE = wholemodule;
				VALIDATE_PRODUCT = YES;
			};
			name = Release;
		};
		6861191C2B8BC13800B1FD42 /* Debug */ = {
			isa = XCBuildConfiguration;
			buildSettings = {
				ASSETCATALOG_COMPILER_APPICON_NAME = AppIcon;
				ASSETCATALOG_COMPILER_GLOBAL_ACCENT_COLOR_NAME = AccentColor;
				CODE_SIGN_STYLE = Automatic;
				CURRENT_PROJECT_VERSION = 1;
				DEVELOPMENT_ASSET_PATHS = "\"spotify-integration/Preview Content\"";
				DEVELOPMENT_TEAM = BD28H7LZTR;
				ENABLE_PREVIEWS = YES;
				GENERATE_INFOPLIST_FILE = YES;
				INFOPLIST_FILE = "spotify-integration/Info.plist";
				INFOPLIST_KEY_UIApplicationSceneManifest_Generation = YES;
				INFOPLIST_KEY_UIApplicationSupportsIndirectInputEvents = YES;
				INFOPLIST_KEY_UILaunchScreen_Generation = YES;
				INFOPLIST_KEY_UISupportedInterfaceOrientations_iPad = "UIInterfaceOrientationPortrait UIInterfaceOrientationPortraitUpsideDown UIInterfaceOrientationLandscapeLeft UIInterfaceOrientationLandscapeRight";
				INFOPLIST_KEY_UISupportedInterfaceOrientations_iPhone = "UIInterfaceOrientationPortrait UIInterfaceOrientationLandscapeLeft UIInterfaceOrientationLandscapeRight";
				IPHONEOS_DEPLOYMENT_TARGET = 16.4;
				LD_RUNPATH_SEARCH_PATHS = (
					"$(inherited)",
					"@executable_path/Frameworks",
				);
				MARKETING_VERSION = 1.0;
				PRODUCT_BUNDLE_IDENTIFIER = "com.qimachine.apps.spotify-integration";
				PRODUCT_NAME = "$(TARGET_NAME)";
				SWIFT_EMIT_LOC_STRINGS = YES;
				SWIFT_VERSION = 5.0;
				TARGETED_DEVICE_FAMILY = "1,2";
			};
			name = Debug;
		};
		6861191D2B8BC13800B1FD42 /* Release */ = {
			isa = XCBuildConfiguration;
			buildSettings = {
				ASSETCATALOG_COMPILER_APPICON_NAME = AppIcon;
				ASSETCATALOG_COMPILER_GLOBAL_ACCENT_COLOR_NAME = AccentColor;
				CODE_SIGN_STYLE = Automatic;
				CURRENT_PROJECT_VERSION = 1;
				DEVELOPMENT_ASSET_PATHS = "\"spotify-integration/Preview Content\"";
				DEVELOPMENT_TEAM = BD28H7LZTR;
				ENABLE_PREVIEWS = YES;
				GENERATE_INFOPLIST_FILE = YES;
				INFOPLIST_FILE = "spotify-integration/Info.plist";
				INFOPLIST_KEY_UIApplicationSceneManifest_Generation = YES;
				INFOPLIST_KEY_UIApplicationSupportsIndirectInputEvents = YES;
				INFOPLIST_KEY_UILaunchScreen_Generation = YES;
				INFOPLIST_KEY_UISupportedInterfaceOrientations_iPad = "UIInterfaceOrientationPortrait UIInterfaceOrientationPortraitUpsideDown UIInterfaceOrientationLandscapeLeft UIInterfaceOrientationLandscapeRight";
				INFOPLIST_KEY_UISupportedInterfaceOrientations_iPhone = "UIInterfaceOrientationPortrait UIInterfaceOrientationLandscapeLeft UIInterfaceOrientationLandscapeRight";
				IPHONEOS_DEPLOYMENT_TARGET = 16.4;
				LD_RUNPATH_SEARCH_PATHS = (
					"$(inherited)",
					"@executable_path/Frameworks",
				);
				MARKETING_VERSION = 1.0;
				PRODUCT_BUNDLE_IDENTIFIER = "com.qimachine.apps.spotify-integration";
				PRODUCT_NAME = "$(TARGET_NAME)";
				SWIFT_EMIT_LOC_STRINGS = YES;
				SWIFT_VERSION = 5.0;
				TARGETED_DEVICE_FAMILY = "1,2";
			};
			name = Release;
		};
/* End XCBuildConfiguration section */

/* Begin XCConfigurationList section */
		686119032B8BC13600B1FD42 /* Build configuration list for PBXProject "spotify-integration" */ = {
			isa = XCConfigurationList;
			buildConfigurations = (
				686119192B8BC13800B1FD42 /* Debug */,
				6861191A2B8BC13800B1FD42 /* Release */,
			);
			defaultConfigurationIsVisible = 0;
			defaultConfigurationName = Release;
		};
		6861191B2B8BC13800B1FD42 /* Build configuration list for PBXNativeTarget "spotify-integration" */ = {
			isa = XCConfigurationList;
			buildConfigurations = (
				6861191C2B8BC13800B1FD42 /* Debug */,
				6861191D2B8BC13800B1FD42 /* Release */,
			);
			defaultConfigurationIsVisible = 0;
			defaultConfigurationName = Release;
		};
/* End XCConfigurationList section */

/* Begin XCRemoteSwiftPackageReference section */
		686119282B8BC32600B1FD42 /* XCRemoteSwiftPackageReference "ios-sdk" */ = {
			isa = XCRemoteSwiftPackageReference;
			repositoryURL = "https://github.com/spotify/ios-sdk.git";
			requirement = {
				branch = master;
				kind = branch;
			};
		};
/* End XCRemoteSwiftPackageReference section */

/* Begin XCSwiftPackageProductDependency section */
		686119292B8BC32600B1FD42 /* SpotifyiOS */ = {
			isa = XCSwiftPackageProductDependency;
			package = 686119282B8BC32600B1FD42 /* XCRemoteSwiftPackageReference "ios-sdk" */;
			productName = SpotifyiOS;
		};
/* End XCSwiftPackageProductDependency section */

/* Begin XCVersionGroup section */
		686119162B8BC13800B1FD42 /* spotify_integration.xcdatamodeld */ = {
			isa = XCVersionGroup;
			children = (
				686119172B8BC13800B1FD42 /* spotify_integration.xcdatamodel */,
			);
			currentVersion = 686119172B8BC13800B1FD42 /* spotify_integration.xcdatamodel */;
			path = spotify_integration.xcdatamodeld;
			sourceTree = "<group>";
			versionGroupType = wrapper.xcdatamodel;
		};
/* End XCVersionGroup section */
	};
	rootObject = 686119002B8BC13600B1FD42 /* Project object */;
}
